
Microsoft Visual Studio Solution File, Format Version 12.00
# Visual Studio Version 17
VisualStudioVersion = 17.14.36518.9
MinimumVisualStudioVersion = 10.0.40219.1
Project("{FAE04EC0-301F-11D3-BF4B-00C04F79EFBC}") = "Client", "Client\Client.csproj", "{68FD014E-D16F-45D8-8AF8-C2A54D94DCF0}"
EndProject
Project("{FAE04EC0-301F-11D3-BF4B-00C04F79EFBC}") = "Server", "Server\Server.csproj", "{9E07F56D-B074-42C3-BEB7-E9C24D710518}"
EndProject
Global
	GlobalSection(SolutionConfigurationPlatforms) = preSolution
		Debug|Any CPU = Debug|Any CPU
		Release|Any CPU = Release|Any CPU
	EndGlobalSection
	GlobalSection(ProjectConfigurationPlatforms) = postSolution
		{68FD014E-D16F-45D8-8AF8-C2A54D94DCF0}.Debug|Any CPU.ActiveCfg = Debug|Any CPU
		{68FD014E-D16F-45D8-8AF8-C2A54D94DCF0}.Debug|Any CPU.Build.0 = Debug|Any CPU
		{68FD014E-D16F-45D8-8AF8-C2A54D94DCF0}.Release|Any CPU.ActiveCfg = Release|Any CPU
		{68FD014E-D16F-45D8-8AF8-C2A54D94DCF0}.Release|Any CPU.Build.0 = Release|Any CPU
		{9E07F56D-B074-42C3-BEB7-E9C24D710518}.Debug|Any CPU.ActiveCfg = Debug|Any CPU
		{9E07F56D-B074-42C3-BEB7-E9C24D710518}.Debug|Any CPU.Build.0 = Debug|Any CPU
		{9E07F56D-B074-42C3-BEB7-E9C24D710518}.Release|Any CPU.ActiveCfg = Release|Any CPU
		{9E07F56D-B074-42C3-BEB7-E9C24D710518}.Release|Any CPU.Build.0 = Release|Any CPU
	EndGlobalSection
	GlobalSection(SolutionProperties) = preSolution
		HideSolutionNode = FALSE
	EndGlobalSection
	GlobalSection(ExtensibilityGlobals) = postSolution
		SolutionGuid = {6657F671-388B-4D5C-A828-E755A292F193}
	EndGlobalSection
EndGlobal
